
Microsoft Visual Studio Solution File, Format Version 12.00
# Visual Studio Version 17
VisualStudioVersion = 17.8.34601.278
MinimumVisualStudioVersion = 10.0.40219.1
Project("{FAE04EC0-301F-11D3-BF4B-00C04F79EFBC}") = "WebChatAPI", "WebChatAPI\WebChatAPI.csproj", "{82207FC1-2463-4589-AA3C-F25387665AAD}"
EndProject
Project("{FAE04EC0-301F-11D3-BF4B-00C04F79EFBC}") = "WebChatApplication", "WebChatApplication\WebChatApplication.csproj", "{69D94EE5-4339-4BB2-999D-340CD92C1FAE}"
EndProject
Global
	GlobalSection(SolutionConfigurationPlatforms) = preSolution
		Debug|Any CPU = Debug|Any CPU
		Release|Any CPU = Release|Any CPU
	EndGlobalSection
	GlobalSection(ProjectConfigurationPlatforms) = postSolution
		{82207FC1-2463-4589-AA3C-F25387665AAD}.Debug|Any CPU.ActiveCfg = Debug|Any CPU
		{82207FC1-2463-4589-AA3C-F25387665AAD}.Debug|Any CPU.Build.0 = Debug|Any CPU
		{82207FC1-2463-4589-AA3C-F25387665AAD}.Release|Any CPU.ActiveCfg = Release|Any CPU
		{82207FC1-2463-4589-AA3C-F25387665AAD}.Release|Any CPU.Build.0 = Release|Any CPU
		{69D94EE5-4339-4BB2-999D-340CD92C1FAE}.Debug|Any CPU.ActiveCfg = Debug|Any CPU
		{69D94EE5-4339-4BB2-999D-340CD92C1FAE}.Debug|Any CPU.Build.0 = Debug|Any CPU
		{69D94EE5-4339-4BB2-999D-340CD92C1FAE}.Release|Any CPU.ActiveCfg = Release|Any CPU
		{69D94EE5-4339-4BB2-999D-340CD92C1FAE}.Release|Any CPU.Build.0 = Release|Any CPU
	EndGlobalSection
	GlobalSection(SolutionProperties) = preSolution
		HideSolutionNode = FALSE
	EndGlobalSection
	GlobalSection(ExtensibilityGlobals) = postSolution
		SolutionGuid = {19467DE6-263E-4DAB-B06E-6D4A95495B9C}
	EndGlobalSection
EndGlobal
